
Microsoft Visual Studio Solution File, Format Version 12.00
# Visual Studio Version 17
VisualStudioVersion = 17.9.34622.214
MinimumVisualStudioVersion = 10.0.40219.1
Project("{FAE04EC0-301F-11D3-BF4B-00C04F79EFBC}") = "gcodb", "gcodb\gcodb.csproj", "{1AE1FE15-E7E6-4435-A937-2FF9CEF45BD0}"
EndProject
Global
	GlobalSection(SolutionConfigurationPlatforms) = preSolution
		Debug|Any CPU = Debug|Any CPU
		Release|Any CPU = Release|Any CPU
	EndGlobalSection
	GlobalSection(ProjectConfigurationPlatforms) = postSolution
		{1AE1FE15-E7E6-4435-A937-2FF9CEF45BD0}.Debug|Any CPU.ActiveCfg = Debug|Any CPU
		{1AE1FE15-E7E6-4435-A937-2FF9CEF45BD0}.Debug|Any CPU.Build.0 = Debug|Any CPU
		{1AE1FE15-E7E6-4435-A937-2FF9CEF45BD0}.Release|Any CPU.ActiveCfg = Release|Any CPU
		{1AE1FE15-E7E6-4435-A937-2FF9CEF45BD0}.Release|Any CPU.Build.0 = Release|Any CPU
	EndGlobalSection
	GlobalSection(SolutionProperties) = preSolution
		HideSolutionNode = FALSE
	EndGlobalSection
	GlobalSection(ExtensibilityGlobals) = postSolution
		SolutionGuid = {D06E6058-1D1C-445E-B574-33A61C0DC359}
	EndGlobalSection
EndGlobal
